
Microsoft Visual Studio Solution File, Format Version 12.00
# Visual Studio Version 17
VisualStudioVersion = 17.5.002.0
MinimumVisualStudioVersion = 10.0.40219.1
Project("{9A19103F-16F7-4668-BE54-9A1E7A4F7556}") = "Assignment 2", "Assignment 2.csproj", "{997E7093-565F-4CF1-8A13-5900C28301B9}"
EndProject
Global
	GlobalSection(SolutionConfigurationPlatforms) = preSolution
		Debug|Any CPU = Debug|Any CPU
		Release|Any CPU = Release|Any CPU
	EndGlobalSection
	GlobalSection(ProjectConfigurationPlatforms) = postSolution
		{997E7093-565F-4CF1-8A13-5900C28301B9}.Debug|Any CPU.ActiveCfg = Debug|Any CPU
		{997E7093-565F-4CF1-8A13-5900C28301B9}.Debug|Any CPU.Build.0 = Debug|Any CPU
		{997E7093-565F-4CF1-8A13-5900C28301B9}.Release|Any CPU.ActiveCfg = Release|Any CPU
		{997E7093-565F-4CF1-8A13-5900C28301B9}.Release|Any CPU.Build.0 = Release|Any CPU
	EndGlobalSection
	GlobalSection(SolutionProperties) = preSolution
		HideSolutionNode = FALSE
	EndGlobalSection
	GlobalSection(ExtensibilityGlobals) = postSolution
		SolutionGuid = {15774F27-A272-45F5-AFA0-A1CA628E2880}
	EndGlobalSection
EndGlobal
